# THIS IS AN AUTOGENERATED FILE. DO NOT EDIT THIS FILE DIRECTLY.
# yarn lockfile v1


"@types/node@^8.0.24":
  version "8.0.24"
  resolved "https://registry.yarnpkg.com/@types/node/-/node-8.0.24.tgz#06c580084d9add1fb40c1510ef0b448961246fb1"

typescript@^2.4.2:
  version "2.4.2"
  resolved "https://registry.yarnpkg.com/typescript/-/typescript-2.4.2.tgz#f8395f85d459276067c988aa41837a8f82870844"
